
Microsoft Visual Studio Solution File, Format Version 12.00
# Visual Studio Version 17
VisualStudioVersion = 17.7.34221.43
MinimumVisualStudioVersion = 10.0.40219.1
Project("{9A19103F-16F7-4668-BE54-9A1E7A4F7556}") = "EngineeringManagement.UI", "EngineeringManagement.UI\EngineeringManagement.UI.csproj", "{46C12D0E-66A1-4DDE-AC91-E9969825C400}"
EndProject
Project("{9A19103F-16F7-4668-BE54-9A1E7A4F7556}") = "EngineeringManagement.Data", "EngineeringManagement.Data\EngineeringManagement.Data.csproj", "{319DD262-64F8-4C0C-822B-D56B774E5229}"
EndProject
Global
	GlobalSection(SolutionConfigurationPlatforms) = preSolution
		Debug|Any CPU = Debug|Any CPU
		Release|Any CPU = Release|Any CPU
	EndGlobalSection
	GlobalSection(ProjectConfigurationPlatforms) = postSolution
		{46C12D0E-66A1-4DDE-AC91-E9969825C400}.Debug|Any CPU.ActiveCfg = Debug|Any CPU
		{46C12D0E-66A1-4DDE-AC91-E9969825C400}.Debug|Any CPU.Build.0 = Debug|Any CPU
		{46C12D0E-66A1-4DDE-AC91-E9969825C400}.Release|Any CPU.ActiveCfg = Release|Any CPU
		{46C12D0E-66A1-4DDE-AC91-E9969825C400}.Release|Any CPU.Build.0 = Release|Any CPU
		{319DD262-64F8-4C0C-822B-D56B774E5229}.Debug|Any CPU.ActiveCfg = Debug|Any CPU
		{319DD262-64F8-4C0C-822B-D56B774E5229}.Debug|Any CPU.Build.0 = Debug|Any CPU
		{319DD262-64F8-4C0C-822B-D56B774E5229}.Release|Any CPU.ActiveCfg = Release|Any CPU
		{319DD262-64F8-4C0C-822B-D56B774E5229}.Release|Any CPU.Build.0 = Release|Any CPU
	EndGlobalSection
	GlobalSection(SolutionProperties) = preSolution
		HideSolutionNode = FALSE
	EndGlobalSection
	GlobalSection(ExtensibilityGlobals) = postSolution
		SolutionGuid = {AA8EDF61-91B6-46E1-91CE-13566CB00C8B}
	EndGlobalSection
EndGlobal
